github.com/ebitengine/purego v0.10.0 h1:QIw4xfpWT6GWTzaW5XEKy3HXoqrJGx1ijYHzTF0/ISU=
github.com/ebitengine/purego v0.10.0/go.mod h1:iIjxzd6CiRiOG0UyXP+V1+jWqUXVjPKLAI0mRfJZTmQ=
github.com/gen2brain/aac-go v0.0.0-20230119102159-ef1e76509d21 h1:yfrARW/aVlqKORCdKrYdU0PZUKPqQvYEUQBKfVlNa9Q=
github.com/gen2brain/aac-go v0.0.0-20230119102159-ef1e76509d21/go.mod h1:HZqGD/LXHB1VCGUGNzuyxSsD12f3KjbJbvImAmoK/mM=
github.com/gen2brain/raylib-go/raygui v0.0.0-20260601164102-8d36eb1fc4fb h1:5A4nPXWUUwaPhwJOF08AFWnL/J5QsunGOGGSaidqb0M=
github.com/gen2brain/raylib-go/raygui v0.0.0-20260601164102-8d36eb1fc4fb/go.mod h1:9WxQA2oI5b0q/B6dX9/WOaAdMN+IxsSeaB6JnJ2HY3k=
github.com/gen2brain/raylib-go/raylib v0.60.0 h1:KsP7W3EMkmb9zztivdgbh1bXR78pEuqP6jeUR8GCbEA=
github.com/gen2brain/raylib-go/raylib v0.60.0/go.mod h1:puAMU7Zcx6VJ6pcZSSs3gGFPyFvJuTwQlfm4KzeoXy8=
github.com/gordonklaus/portaudio v0.0.0-20260203164431-765aa7dfa631 h1:8TBHztmhDfAAg34yddptshinXBtDQwgKGlMfdtSFETw=
github.com/gordonklaus/portaudio v0.0.0-20260203164431-765aa7dfa631/go.mod h1:esZFQEUwqC+l76f2R8bIWSwXMaPbp79PppwZ1eJhFco=
github.com/hraban/opus v0.0.0-20251117090126-c76ea7e21bf3 h1:0Cfb13Z/8Hdt9TSqgAQbQDAHgXyeq242y2lZ2JzFjNw=
github.com/hraban/opus v0.0.0-20251117090126-c76ea7e21bf3/go.mod h1:12ayqqPQ1IxPiV4oWRgHfcDGhNQkx12X5k2hAayezW0=
github.com/jupiterrider/ffi v0.7.0 h1:RKsl6Ascal+3kyAqR5Qcbp83LceQMLc1VZbPfHWoNzs=
github.com/jupiterrider/ffi v0.7.0/go.mod h1:9dauhpOfNqrqk28fxuu0kkdeFtT9Qr4vbfigiuIXN7c=
github.com/tryphon/go-ogg v0.0.0-20130928075851-2f9ee9e14342 h1:yoyUpJkda1H1EnYe9ZLsLY6aK65WJu1vOXp7jmkHtsI=
github.com/tryphon/go-ogg v0.0.0-20130928075851-2f9ee9e14342/go.mod h1:sZLPpsktIszq7GQIP+ILa6dWuTfNqc6lHcIsJS1EpL4=
github.com/tryphon/go-vorbis v0.0.0-20140821075752-5f1f544c142a h1:gxBRzGWXY4sAh518M2653yDbpFvVsncdQo5jwzrcnIk=
github.com/tryphon/go-vorbis v0.0.0-20140821075752-5f1f544c142a/go.mod h1:IAeyhpM4dvdSwGP+HL39YSYycdod/sDCzpoIfJKKvAw=
github.com/viert/go-lame v0.0.0-20201108052322-bb552596b11d h1:LptdD7GTUZeklomtW5vZ1AHwBvDBUCZ2Ftpaz7uEI7g=
github.com/viert/go-lame v0.0.0-20201108052322-bb552596b11d/go.mod h1:EqTcYM7y4JlSfeTI47pmNu3EZQuCuLQefsQyg1Imlz8=
github.com/youpy/go-riff v0.1.0 h1:vZO/37nI4tIET8tQI0Qn0Y79qQh99aEpponTPiPut7k=
github.com/youpy/go-riff v0.1.0/go.mod h1:83nxdDV4Z9RzrTut9losK7ve4hUnxUR8ASSz4BsKXwQ=
github.com/youpy/go-wav v0.3.2 h1:NLM8L/7yZ0Bntadw/0h95OyUsen+DQIVf9gay+SUsMU=
github.com/youpy/go-wav v0.3.2/go.mod h1:0FCieAXAeSdcxFfwLpRuEo0PFmAoc+8NU34h7TUvk50=
github.com/zaf/g711 v0.0.0-20190814101024-76a4a538f52b h1:QqixIpc5WFIqTLxB3Hq8qs0qImAgBdq0p6rq2Qdl634=
github.com/zaf/g711 v0.0.0-20190814101024-76a4a538f52b/go.mod h1:T2h1zV50R/q0CVYnsQOQ6L7P4a2ZxH47ixWcMXFGyx8=
golang.org/x/exp v0.0.0-20260508232706-74f9aab9d74a h1:+3jdDGGB8NGb1Zktc737jlt3/A5f6UlwSzmvqUuufxw=
golang.org/x/exp v0.0.0-20260508232706-74f9aab9d74a/go.mod h1:d2fgXJLVs4dYDHUk5lwMIfzRzSrWCfGZb0ZqeLa/Vcw=
mccoy.space/g/ogg v0.0.0-20221103053400-1ea94e6f3152 h1:p3Sx79jj5P979gSyMOoSftOXFPuGquvCZMzbOeV+8oE=
mccoy.space/g/ogg v0.0.0-20221103053400-1ea94e6f3152/go.mod h1:Fa7PeLv7azi4nCJLxrQ2SK7pqOEvqgt9deL4K/XZCA8=
